
Microsoft Visual Studio Solution File, Format Version 12.00
# Visual Studio Version 17
VisualStudioVersion = 17.1.32210.238
MinimumVisualStudioVersion = 10.0.40219.1
Project("{FAE04EC0-301F-11D3-BF4B-00C04F79EFBC}") = "UnificationTroops", "UnificationTroops\UnificationTroops.csproj", "{8B341530-CA4E-4943-8CD2-6D624DBD2656}"
EndProject
Global
	GlobalSection(SolutionConfigurationPlatforms) = preSolution
		Debug|Any CPU = Debug|Any CPU
		Release|Any CPU = Release|Any CPU
	EndGlobalSection
	GlobalSection(ProjectConfigurationPlatforms) = postSolution
		{8B341530-CA4E-4943-8CD2-6D624DBD2656}.Debug|Any CPU.ActiveCfg = Debug|Any CPU
		{8B341530-CA4E-4943-8CD2-6D624DBD2656}.Debug|Any CPU.Build.0 = Debug|Any CPU
		{8B341530-CA4E-4943-8CD2-6D624DBD2656}.Release|Any CPU.ActiveCfg = Release|Any CPU
		{8B341530-CA4E-4943-8CD2-6D624DBD2656}.Release|Any CPU.Build.0 = Release|Any CPU
	EndGlobalSection
	GlobalSection(SolutionProperties) = preSolution
		HideSolutionNode = FALSE
	EndGlobalSection
	GlobalSection(ExtensibilityGlobals) = postSolution
		SolutionGuid = {B26A5CC9-5E72-4CA4-8749-7FAEB71B08EE}
	EndGlobalSection
EndGlobal
